// !$*UTF8*$!
{
	archiveVersion = 1;
	classes = {
	};
	objectVersion = 46;
	objects = {

/* Begin PBXBuildFile section */
		A3382A0B3B8A8EA2B6524FB0 /* libPods.a in Frameworks */ = {isa = PBXBuildFile; fileRef = DC2A2055CC2A4AB3F4F1ECCD /* libPods.a */; };
		E99B927E1C25A48F005DC3BC /* main.m in Sources */ = {isa = PBXBuildFile; fileRef = E99B927D1C25A48F005DC3BC /* main.m */; };
		E99B92811C25A48F005DC3BC /* AppDelegate.m in Sources */ = {isa = PBXBuildFile; fileRef = E99B92801C25A48F005DC3BC /* AppDelegate.m */; };
		E99B92841C25A48F005DC3BC /* ViewController.m in Sources */ = {isa = PBXBuildFile; fileRef = E99B92831C25A48F005DC3BC /* ViewController.m */; };
		E99B92871C25A48F005DC3BC /* Main.storyboard in Resources */ = {isa = PBXBuildFile; fileRef = E99B92851C25A48F005DC3BC /* Main.storyboard */; };
		E99B92891C25A48F005DC3BC /* Assets.xcassets in Resources */ = {isa = PBXBuildFile; fileRef = E99B92881C25A48F005DC3BC /* Assets.xcassets */; };
		E99B928C1C25A48F005DC3BC /* LaunchScreen.storyboard in Resources */ = {isa = PBXBuildFile; fileRef = E99B928A1C25A48F005DC3BC /* LaunchScreen.storyboard */; };
		E9FE0FE31C26A5E0005D1621 /* LJHttpService.m in Sources */ = {isa = PBXBuildFile; fileRef = E9FE0FE21C26A5E0005D1621 /* LJHttpService.m */; settings = {ASSET_TAGS = (); }; };
		E9FE0FEB1C26A6E8005D1621 /* LJHttpRequest.m in Sources */ = {isa = PBXBuildFile; fileRef = E9FE0FE81C26A6E8005D1621 /* LJHttpRequest.m */; settings = {ASSET_TAGS = (); }; };
		E9FE0FEC1C26A6E8005D1621 /* LJHttpRequestBuilder.m in Sources */ = {isa = PBXBuildFile; fileRef = E9FE0FEA1C26A6E8005D1621 /* LJHttpRequestBuilder.m */; settings = {ASSET_TAGS = (); }; };
/* End PBXBuildFile section */

/* Begin PBXFileReference section */
		6763F275EA3395C8669CC59D /* Pods.debug.xcconfig */ = {isa = PBXFileReference; includeInIndex = 1; lastKnownFileType = text.xcconfig; name = Pods.debug.xcconfig; path = "Pods/Target Support Files/Pods/Pods.debug.xcconfig"; sourceTree = "<group>"; };
		998F16127BF8459CDFDD409C /* Pods.release.xcconfig */ = {isa = PBXFileReference; includeInIndex = 1; lastKnownFileType = text.xcconfig; name = Pods.release.xcconfig; path = "Pods/Target Support Files/Pods/Pods.release.xcconfig"; sourceTree = "<group>"; };
		DC2A2055CC2A4AB3F4F1ECCD /* libPods.a */ = {isa = PBXFileReference; explicitFileType = archive.ar; includeInIndex = 0; path = libPods.a; sourceTree = BUILT_PRODUCTS_DIR; };
		E99B92791C25A48F005DC3BC /* LJAFNetWorking.app */ = {isa = PBXFileReference; explicitFileType = wrapper.application; includeInIndex = 0; path = LJAFNetWorking.app; sourceTree = BUILT_PRODUCTS_DIR; };
		E99B927D1C25A48F005DC3BC /* main.m */ = {isa = PBXFileReference; lastKnownFileType = sourcecode.c.objc; path = main.m; sourceTree = "<group>"; };
		E99B927F1C25A48F005DC3BC /* AppDelegate.h */ = {isa = PBXFileReference; lastKnownFileType = sourcecode.c.h; path = AppDelegate.h; sourceTree = "<group>"; };
		E99B92801C25A48F005DC3BC /* AppDelegate.m */ = {isa = PBXFileReference; lastKnownFileType = sourcecode.c.objc; path = AppDelegate.m; sourceTree = "<group>"; };
		E99B92821C25A48F005DC3BC /* ViewController.h */ = {isa = PBXFileReference; lastKnownFileType = sourcecode.c.h; path = ViewController.h; sourceTree = "<group>"; };
		E99B92831C25A48F005DC3BC /* ViewController.m */ = {isa = PBXFileReference; lastKnownFileType = sourcecode.c.objc; path = ViewController.m; sourceTree = "<group>"; };
		E99B92861C25A48F005DC3BC /* Base */ = {isa = PBXFileReference; lastKnownFileType = file.storyboard; name = Base; path = Base.lproj/Main.storyboard; sourceTree = "<group>"; };
		E99B92881C25A48F005DC3BC /* Assets.xcassets */ = {isa = PBXFileReference; lastKnownFileType = folder.assetcatalog; path = Assets.xcassets; sourceTree = "<group>"; };
		E99B928B1C25A48F005DC3BC /* Base */ = {isa = PBXFileReference; lastKnownFileType = file.storyboard; name = Base; path = Base.lproj/LaunchScreen.storyboard; sourceTree = "<group>"; };
		E99B928D1C25A48F005DC3BC /* Info.plist */ = {isa = PBXFileReference; lastKnownFileType = text.plist.xml; path = Info.plist; sourceTree = "<group>"; };
		E9FE0FE11C26A5E0005D1621 /* LJHttpService.h */ = {isa = PBXFileReference; fileEncoding = 4; lastKnownFileType = sourcecode.c.h; path = LJHttpService.h; sourceTree = "<group>"; };
		E9FE0FE21C26A5E0005D1621 /* LJHttpService.m */ = {isa = PBXFileReference; fileEncoding = 4; lastKnownFileType = sourcecode.c.objc; path = LJHttpService.m; sourceTree = "<group>"; };
		E9FE0FE71C26A6E8005D1621 /* LJHttpRequest.h */ = {isa = PBXFileReference; fileEncoding = 4; lastKnownFileType = sourcecode.c.h; path = LJHttpRequest.h; sourceTree = "<group>"; };
		E9FE0FE81C26A6E8005D1621 /* LJHttpRequest.m */ = {isa = PBXFileReference; fileEncoding = 4; lastKnownFileType = sourcecode.c.objc; path = LJHttpRequest.m; sourceTree = "<group>"; };
		E9FE0FE91C26A6E8005D1621 /* LJHttpRequestBuilder.h */ = {isa = PBXFileReference; fileEncoding = 4; lastKnownFileType = sourcecode.c.h; path = LJHttpRequestBuilder.h; sourceTree = "<group>"; };
		E9FE0FEA1C26A6E8005D1621 /* LJHttpRequestBuilder.m */ = {isa = PBXFileReference; fileEncoding = 4; lastKnownFileType = sourcecode.c.objc; path = LJHttpRequestBuilder.m; sourceTree = "<group>"; };
/* End PBXFileReference section */

/* Begin PBXFrameworksBuildPhase section */
		E99B92761C25A48F005DC3BC /* Frameworks */ = {
			isa = PBXFrameworksBuildPhase;
			buildActionMask = 2147483647;
			files = (
				A3382A0B3B8A8EA2B6524FB0 /* libPods.a in Frameworks */,
			);
			runOnlyForDeploymentPostprocessing = 0;
		};
/* End PBXFrameworksBuildPhase section */

/* Begin PBXGroup section */
		398C2825230434B192636CFF /* Pods */ = {
			isa = PBXGroup;
			children = (
				6763F275EA3395C8669CC59D /* Pods.debug.xcconfig */,
				998F16127BF8459CDFDD409C /* Pods.release.xcconfig */,
			);
			name = Pods;
			sourceTree = "<group>";
		};
		3E9B89B3988BF9754177F065 /* Frameworks */ = {
			isa = PBXGroup;
			children = (
				DC2A2055CC2A4AB3F4F1ECCD /* libPods.a */,
			);
			name = Frameworks;
			sourceTree = "<group>";
		};
		E99B92701C25A48F005DC3BC = {
			isa = PBXGroup;
			children = (
				E99B92931C25A6BA005DC3BC /* LJFrame */,
				E99B927B1C25A48F005DC3BC /* LJAFNetWorking */,
				E99B927A1C25A48F005DC3BC /* Products */,
				398C2825230434B192636CFF /* Pods */,
				3E9B89B3988BF9754177F065 /* Frameworks */,
			);
			sourceTree = "<group>";
		};
		E99B927A1C25A48F005DC3BC /* Products */ = {
			isa = PBXGroup;
			children = (
				E99B92791C25A48F005DC3BC /* LJAFNetWorking.app */,
			);
			name = Products;
			sourceTree = "<group>";
		};
		E99B927B1C25A48F005DC3BC /* LJAFNetWorking */ = {
			isa = PBXGroup;
			children = (
				E99B927F1C25A48F005DC3BC /* AppDelegate.h */,
				E99B92801C25A48F005DC3BC /* AppDelegate.m */,
				E99B92821C25A48F005DC3BC /* ViewController.h */,
				E99B92831C25A48F005DC3BC /* ViewController.m */,
				E99B92851C25A48F005DC3BC /* Main.storyboard */,
				E99B92881C25A48F005DC3BC /* Assets.xcassets */,
				E99B928A1C25A48F005DC3BC /* LaunchScreen.storyboard */,
				E99B928D1C25A48F005DC3BC /* Info.plist */,
				E99B927C1C25A48F005DC3BC /* Supporting Files */,
			);
			path = LJAFNetWorking;
			sourceTree = "<group>";
		};
		E99B927C1C25A48F005DC3BC /* Supporting Files */ = {
			isa = PBXGroup;
			children = (
				E99B927D1C25A48F005DC3BC /* main.m */,
			);
			name = "Supporting Files";
			sourceTree = "<group>";
		};
		E99B92931C25A6BA005DC3BC /* LJFrame */ = {
			isa = PBXGroup;
			children = (
				E9FE0FE11C26A5E0005D1621 /* LJHttpService.h */,
				E9FE0FE21C26A5E0005D1621 /* LJHttpService.m */,
				E9FE0FE71C26A6E8005D1621 /* LJHttpRequest.h */,
				E9FE0FE81C26A6E8005D1621 /* LJHttpRequest.m */,
				E9FE0FE91C26A6E8005D1621 /* LJHttpRequestBuilder.h */,
				E9FE0FEA1C26A6E8005D1621 /* LJHttpRequestBuilder.m */,
			);
			path = LJFrame;
			sourceTree = "<group>";
		};
/* End PBXGroup section */

/* Begin PBXNativeTarget section */
		E99B92781C25A48F005DC3BC /* LJAFNetWorking */ = {
			isa = PBXNativeTarget;
			buildConfigurationList = E99B92901C25A48F005DC3BC /* Build configuration list for PBXNativeTarget "LJAFNetWorking" */;
			buildPhases = (
				81E41F8C15F699E939EBFBFB /* Check Pods Manifest.lock */,
				E99B92751C25A48F005DC3BC /* Sources */,
				E99B92761C25A48F005DC3BC /* Frameworks */,
				E99B92771C25A48F005DC3BC /* Resources */,
				FB942B790A3170A95FE75B28 /* Embed Pods Frameworks */,
				3DCE4712F2798F4A8AAF5928 /* Copy Pods Resources */,
			);
			buildRules = (
			);
			dependencies = (
			);
			name = LJAFNetWorking;
			productName = LJAFNetWorking;
			productReference = E99B92791C25A48F005DC3BC /* LJAFNetWorking.app */;
			productType = "com.apple.product-type.application";
		};
/* End PBXNativeTarget section */

/* Begin PBXProject section */
		E99B92711C25A48F005DC3BC /* Project object */ = {
			isa = PBXProject;
			attributes = {
				LastUpgradeCheck = 0700;
				ORGANIZATIONNAME = Weblogic;
				TargetAttributes = {
					E99B92781C25A48F005DC3BC = {
						CreatedOnToolsVersion = 7.0.1;
					};
				};
			};
			buildConfigurationList = E99B92741C25A48F005DC3BC /* Build configuration list for PBXProject "LJAFNetWorking" */;
			compatibilityVersion = "Xcode 3.2";
			developmentRegion = English;
			hasScannedForEncodings = 0;
			knownRegions = (
				en,
				Base,
			);
			mainGroup = E99B92701C25A48F005DC3BC;
			productRefGroup = E99B927A1C25A48F005DC3BC /* Products */;
			projectDirPath = "";
			projectRoot = "";
			targets = (
				E99B92781C25A48F005DC3BC /* LJAFNetWorking */,
			);
		};
/* End PBXProject section */

/* Begin PBXResourcesBuildPhase section */
		E99B92771C25A48F005DC3BC /* Resources */ = {
			isa = PBXResourcesBuildPhase;
			buildActionMask = 2147483647;
			files = (
				E99B928C1C25A48F005DC3BC /* LaunchScreen.storyboard in Resources */,
				E99B92891C25A48F005DC3BC /* Assets.xcassets in Resources */,
				E99B92871C25A48F005DC3BC /* Main.storyboard in Resources */,
			);
			runOnlyForDeploymentPostprocessing = 0;
		};
/* End PBXResourcesBuildPhase section */

/* Begin PBXShellScriptBuildPhase section */
		3DCE4712F2798F4A8AAF5928 /* Copy Pods Resources */ = {
			isa = PBXShellScriptBuildPhase;
			buildActionMask = 2147483647;
			files = (
			);
			inputPaths = (
			);
			name = "Copy Pods Resources";
			outputPaths = (
			);
			runOnlyForDeploymentPostprocessing = 0;
			shellPath = /bin/sh;
			shellScript = "\"${SRCROOT}/Pods/Target Support Files/Pods/Pods-resources.sh\"\n";
			showEnvVarsInLog = 0;
		};
		81E41F8C15F699E939EBFBFB /* Check Pods Manifest.lock */ = {
			isa = PBXShellScriptBuildPhase;
			buildActionMask = 2147483647;
			files = (
			);
			inputPaths = (
			);
			name = "Check Pods Manifest.lock";
			outputPaths = (
			);
			runOnlyForDeploymentPostprocessing = 0;
			shellPath = /bin/sh;
			shellScript = "diff \"${PODS_ROOT}/../Podfile.lock\" \"${PODS_ROOT}/Manifest.lock\" > /dev/null\nif [[ $? != 0 ]] ; then\n    cat << EOM\nerror: The sandbox is not in sync with the Podfile.lock. Run 'pod install' or update your CocoaPods installation.\nEOM\n    exit 1\nfi\n";
			showEnvVarsInLog = 0;
		};
		FB942B790A3170A95FE75B28 /* Embed Pods Frameworks */ = {
			isa = PBXShellScriptBuildPhase;
			buildActionMask = 2147483647;
			files = (
			);
			inputPaths = (
			);
			name = "Embed Pods Frameworks";
			outputPaths = (
			);
			runOnlyForDeploymentPostprocessing = 0;
			shellPath = /bin/sh;
			shellScript = "\"${SRCROOT}/Pods/Target Support Files/Pods/Pods-frameworks.sh\"\n";
			showEnvVarsInLog = 0;
		};
/* End PBXShellScriptBuildPhase section */

/* Begin PBXSourcesBuildPhase section */
		E99B92751C25A48F005DC3BC /* Sources */ = {
			isa = PBXSourcesBuildPhase;
			buildActionMask = 2147483647;
			files = (
				E99B92841C25A48F005DC3BC /* ViewController.m in Sources */,
				E9FE0FEC1C26A6E8005D1621 /* LJHttpRequestBuilder.m in Sources */,
				E9FE0FE31C26A5E0005D1621 /* LJHttpService.m in Sources */,
				E99B92811C25A48F005DC3BC /* AppDelegate.m in Sources */,
				E9FE0FEB1C26A6E8005D1621 /* LJHttpRequest.m in Sources */,
				E99B927E1C25A48F005DC3BC /* main.m in Sources */,
			);
			runOnlyForDeploymentPostprocessing = 0;
		};
/* End PBXSourcesBuildPhase section */

/* Begin PBXVariantGroup section */
		E99B92851C25A48F005DC3BC /* Main.storyboard */ = {
			isa = PBXVariantGroup;
			children = (
				E99B92861C25A48F005DC3BC /* Base */,
			);
			name = Main.storyboard;
			sourceTree = "<group>";
		};
		E99B928A1C25A48F005DC3BC /* LaunchScreen.storyboard */ = {
			isa = PBXVariantGroup;
			children = (
				E99B928B1C25A48F005DC3BC /* Base */,
			);
			name = LaunchScreen.storyboard;
			sourceTree = "<group>";
		};
/* End PBXVariantGroup section */

/* Begin XCBuildConfiguration section */
		E99B928E1C25A48F005DC3BC /* Debug */ = {
			isa = XCBuildConfiguration;
			buildSettings = {
				ALWAYS_SEARCH_USER_PATHS = NO;
				CLANG_CXX_LANGUAGE_STANDARD = "gnu++0x";
				CLANG_CXX_LIBRARY = "libc++";
				CLANG_ENABLE_MODULES = YES;
				CLANG_ENABLE_OBJC_ARC = YES;
				CLANG_WARN_BOOL_CONVERSION = YES;
				CLANG_WARN_CONSTANT_CONVERSION = YES;
				CLANG_WARN_DIRECT_OBJC_ISA_USAGE = YES_ERROR;
				CLANG_WARN_EMPTY_BODY = YES;
				CLANG_WARN_ENUM_CONVERSION = YES;
				CLANG_WARN_INT_CONVERSION = YES;
				CLANG_WARN_OBJC_ROOT_CLASS = YES_ERROR;
				CLANG_WARN_UNREACHABLE_CODE = YES;
				CLANG_WARN__DUPLICATE_METHOD_MATCH = YES;
				"CODE_SIGN_IDENTITY[sdk=iphoneos*]" = "iPhone Developer";
				COPY_PHASE_STRIP = NO;
				DEBUG_INFORMATION_FORMAT = dwarf;
				ENABLE_STRICT_OBJC_MSGSEND = YES;
				ENABLE_TESTABILITY = YES;
				GCC_C_LANGUAGE_STANDARD = gnu99;
				GCC_DYNAMIC_NO_PIC = NO;
				GCC_NO_COMMON_BLOCKS = YES;
				GCC_OPTIMIZATION_LEVEL = 0;
				GCC_PREPROCESSOR_DEFINITIONS = (
					"DEBUG=1",
					"$(inherited)",
				);
				GCC_WARN_64_TO_32_BIT_CONVERSION = YES;
				GCC_WARN_ABOUT_RETURN_TYPE = YES_ERROR;
				GCC_WARN_UNDECLARED_SELECTOR = YES;
				GCC_WARN_UNINITIALIZED_AUTOS = YES_AGGRESSIVE;
				GCC_WARN_UNUSED_FUNCTION = YES;
				GCC_WARN_UNUSED_VARIABLE = YES;
				IPHONEOS_DEPLOYMENT_TARGET = 9.0;
				MTL_ENABLE_DEBUG_INFO = YES;
				ONLY_ACTIVE_ARCH = YES;
				SDKROOT = iphoneos;
			};
			name = Debug;
		};
		E99B928F1C25A48F005DC3BC /* Release */ = {
			isa = XCBuildConfiguration;
			buildSettings = {
				ALWAYS_SEARCH_USER_PATHS = NO;
				CLANG_CXX_LANGUAGE_STANDARD = "gnu++0x";
				CLANG_CXX_LIBRARY = "libc++";
				CLANG_ENABLE_MODULES = YES;
				CLANG_ENABLE_OBJC_ARC = YES;
				CLANG_WARN_BOOL_CONVERSION = YES;
				CLANG_WARN_CONSTANT_CONVERSION = YES;
				CLANG_WARN_DIRECT_OBJC_ISA_USAGE = YES_ERROR;
				CLANG_WARN_EMPTY_BODY = YES;
				CLANG_WARN_ENUM_CONVERSION = YES;
				CLANG_WARN_INT_CONVERSION = YES;
				CLANG_WARN_OBJC_ROOT_CLASS = YES_ERROR;
				CLANG_WARN_UNREACHABLE_CODE = YES;
				CLANG_WARN__DUPLICATE_METHOD_MATCH = YES;
				"CODE_SIGN_IDENTITY[sdk=iphoneos*]" = "iPhone Developer";
				COPY_PHASE_STRIP = NO;
				DEBUG_INFORMATION_FORMAT = "dwarf-with-dsym";
				ENABLE_NS_ASSERTIONS = NO;
				ENABLE_STRICT_OBJC_MSGSEND = YES;
				GCC_C_LANGUAGE_STANDARD = gnu99;
				GCC_NO_COMMON_BLOCKS = YES;
				GCC_WARN_64_TO_32_BIT_CONVERSION = YES;
				GCC_WARN_ABOUT_RETURN_TYPE = YES_ERROR;
				GCC_WARN_UNDECLARED_SELECTOR = YES;
				GCC_WARN_UNINITIALIZED_AUTOS = YES_AGGRESSIVE;
				GCC_WARN_UNUSED_FUNCTION = YES;
				GCC_WARN_UNUSED_VARIABLE = YES;
				IPHONEOS_DEPLOYMENT_TARGET = 9.0;
				MTL_ENABLE_DEBUG_INFO = NO;
				SDKROOT = iphoneos;
				VALIDATE_PRODUCT = YES;
			};
			name = Release;
		};
		E99B92911C25A48F005DC3BC /* Debug */ = {
			isa = XCBuildConfiguration;
			baseConfigurationReference = 6763F275EA3395C8669CC59D /* Pods.debug.xcconfig */;
			buildSettings = {
				ASSETCATALOG_COMPILER_APPICON_NAME = AppIcon;
				INFOPLIST_FILE = LJAFNetWorking/Info.plist;
				IPHONEOS_DEPLOYMENT_TARGET = 8.0;
				LD_RUNPATH_SEARCH_PATHS = "$(inherited) @executable_path/Frameworks";
				PRODUCT_BUNDLE_IDENTIFIER = com.test.LJAFNetWorking;
				PRODUCT_NAME = "$(TARGET_NAME)";
			};
			name = Debug;
		};
		E99B92921C25A48F005DC3BC /* Release */ = {
			isa = XCBuildConfiguration;
			baseConfigurationReference = 998F16127BF8459CDFDD409C /* Pods.release.xcconfig */;
			buildSettings = {
				ASSETCATALOG_COMPILER_APPICON_NAME = AppIcon;
				INFOPLIST_FILE = LJAFNetWorking/Info.plist;
				IPHONEOS_DEPLOYMENT_TARGET = 8.0;
				LD_RUNPATH_SEARCH_PATHS = "$(inherited) @executable_path/Frameworks";
				PRODUCT_BUNDLE_IDENTIFIER = com.test.LJAFNetWorking;
				PRODUCT_NAME = "$(TARGET_NAME)";
			};
			name = Release;
		};
/* End XCBuildConfiguration section */

/* Begin XCConfigurationList section */
		E99B92741C25A48F005DC3BC /* Build configuration list for PBXProject "LJAFNetWorking" */ = {
			isa = XCConfigurationList;
			buildConfigurations = (
				E99B928E1C25A48F005DC3BC /* Debug */,
				E99B928F1C25A48F005DC3BC /* Release */,
			);
			defaultConfigurationIsVisible = 0;
			defaultConfigurationName = Release;
		};
		E99B92901C25A48F005DC3BC /* Build configuration list for PBXNativeTarget "LJAFNetWorking" */ = {
			isa = XCConfigurationList;
			buildConfigurations = (
				E99B92911C25A48F005DC3BC /* Debug */,
				E99B92921C25A48F005DC3BC /* Release */,
			);
			defaultConfigurationIsVisible = 0;
			defaultConfigurationName = Release;
		};
/* End XCConfigurationList section */
	};
	rootObject = E99B92711C25A48F005DC3BC /* Project object */;
}
